
Microsoft Visual Studio Solution File, Format Version 12.00
# Visual Studio Version 16
VisualStudioVersion = 16.0.33027.164
MinimumVisualStudioVersion = 10.0.40219.1
Project("{FAE04EC0-301F-11D3-BF4B-00C04F79EFBC}") = "Showroom_véhicule_pff", "Showroom_véhicule_pff\Showroom_véhicule_pff.csproj", "{C15ACC0E-3436-456D-87FE-3FE8E9A585EF}"
EndProject
Global
	GlobalSection(SolutionConfigurationPlatforms) = preSolution
		Debug|Any CPU = Debug|Any CPU
		Release|Any CPU = Release|Any CPU
	EndGlobalSection
	GlobalSection(ProjectConfigurationPlatforms) = postSolution
		{C15ACC0E-3436-456D-87FE-3FE8E9A585EF}.Debug|Any CPU.ActiveCfg = Debug|Any CPU
		{C15ACC0E-3436-456D-87FE-3FE8E9A585EF}.Debug|Any CPU.Build.0 = Debug|Any CPU
		{C15ACC0E-3436-456D-87FE-3FE8E9A585EF}.Release|Any CPU.ActiveCfg = Release|Any CPU
		{C15ACC0E-3436-456D-87FE-3FE8E9A585EF}.Release|Any CPU.Build.0 = Release|Any CPU
	EndGlobalSection
	GlobalSection(SolutionProperties) = preSolution
		HideSolutionNode = FALSE
	EndGlobalSection
	GlobalSection(ExtensibilityGlobals) = postSolution
		SolutionGuid = {81B798AD-8E9F-4C14-B185-AFE7C79A9355}
	EndGlobalSection
EndGlobal
